
Microsoft Visual Studio Solution File, Format Version 12.00
# Visual Studio Version 17
VisualStudioVersion = 17.6.33829.357
MinimumVisualStudioVersion = 10.0.40219.1
Project("{FAE04EC0-301F-11D3-BF4B-00C04F79EFBC}") = "Shapes", "Shapes\Shapes.csproj", "{65AA638A-2259-4CD9-B321-ABFDE4DFA799}"
EndProject
Project("{FAE04EC0-301F-11D3-BF4B-00C04F79EFBC}") = "Testing", "Testing\Testing.csproj", "{D294C853-FC4C-4969-830B-B54E319276D5}"
EndProject
Global
	GlobalSection(SolutionConfigurationPlatforms) = preSolution
		Debug|Any CPU = Debug|Any CPU
		Release|Any CPU = Release|Any CPU
	EndGlobalSection
	GlobalSection(ProjectConfigurationPlatforms) = postSolution
		{65AA638A-2259-4CD9-B321-ABFDE4DFA799}.Debug|Any CPU.ActiveCfg = Debug|Any CPU
		{65AA638A-2259-4CD9-B321-ABFDE4DFA799}.Debug|Any CPU.Build.0 = Debug|Any CPU
		{65AA638A-2259-4CD9-B321-ABFDE4DFA799}.Release|Any CPU.ActiveCfg = Release|Any CPU
		{65AA638A-2259-4CD9-B321-ABFDE4DFA799}.Release|Any CPU.Build.0 = Release|Any CPU
		{D294C853-FC4C-4969-830B-B54E319276D5}.Debug|Any CPU.ActiveCfg = Debug|Any CPU
		{D294C853-FC4C-4969-830B-B54E319276D5}.Debug|Any CPU.Build.0 = Debug|Any CPU
		{D294C853-FC4C-4969-830B-B54E319276D5}.Release|Any CPU.ActiveCfg = Release|Any CPU
		{D294C853-FC4C-4969-830B-B54E319276D5}.Release|Any CPU.Build.0 = Release|Any CPU
	EndGlobalSection
	GlobalSection(SolutionProperties) = preSolution
		HideSolutionNode = FALSE
	EndGlobalSection
	GlobalSection(ExtensibilityGlobals) = postSolution
		SolutionGuid = {28210B44-5200-4876-BBFB-2200AD015CF1}
	EndGlobalSection
EndGlobal
